
Microsoft Visual Studio Solution File, Format Version 12.00
# Visual Studio Version 17
VisualStudioVersion = 17.3.32811.315
MinimumVisualStudioVersion = 10.0.40219.1
Project("{9A19103F-16F7-4668-BE54-9A1E7A4F7556}") = "EmployeePayrollTest", "EmployeePayrollTest.csproj", "{4A18B261-4E0A-40B1-B907-1AFCA96C43AB}"
EndProject
Project("{FAE04EC0-301F-11D3-BF4B-00C04F79EFBC}") = "TestProject1", "..\TestProject1\TestProject1.csproj", "{C9E8D0DE-59F3-4DC1-AB6D-938DA42DA5F2}"
EndProject
Global
	GlobalSection(SolutionConfigurationPlatforms) = preSolution
		Debug|Any CPU = Debug|Any CPU
		Release|Any CPU = Release|Any CPU
	EndGlobalSection
	GlobalSection(ProjectConfigurationPlatforms) = postSolution
		{4A18B261-4E0A-40B1-B907-1AFCA96C43AB}.Debug|Any CPU.ActiveCfg = Debug|Any CPU
		{4A18B261-4E0A-40B1-B907-1AFCA96C43AB}.Debug|Any CPU.Build.0 = Debug|Any CPU
		{4A18B261-4E0A-40B1-B907-1AFCA96C43AB}.Release|Any CPU.ActiveCfg = Release|Any CPU
		{4A18B261-4E0A-40B1-B907-1AFCA96C43AB}.Release|Any CPU.Build.0 = Release|Any CPU
		{C9E8D0DE-59F3-4DC1-AB6D-938DA42DA5F2}.Debug|Any CPU.ActiveCfg = Debug|Any CPU
		{C9E8D0DE-59F3-4DC1-AB6D-938DA42DA5F2}.Debug|Any CPU.Build.0 = Debug|Any CPU
		{C9E8D0DE-59F3-4DC1-AB6D-938DA42DA5F2}.Release|Any CPU.ActiveCfg = Release|Any CPU
		{C9E8D0DE-59F3-4DC1-AB6D-938DA42DA5F2}.Release|Any CPU.Build.0 = Release|Any CPU
	EndGlobalSection
	GlobalSection(SolutionProperties) = preSolution
		HideSolutionNode = FALSE
	EndGlobalSection
	GlobalSection(ExtensibilityGlobals) = postSolution
		SolutionGuid = {E90B9F53-AD1F-49BF-888A-8333C3F57A0D}
	EndGlobalSection
EndGlobal
